{
  "name": "rn-viewpager",
  "version": "1.2.9",
  "lockfileVersion": 1,
  "requires": true,
  "dependencies": {
    "@react-native-community/viewpager": {
      "version": "4.2.0",
      "resolved": "https://registry.npmjs.org/@react-native-community/viewpager/-/viewpager-4.2.0.tgz",
      "integrity": "sha512-tptvkyStulE9Jv/LVYSldvydAq3DVOwsfqmy3mTh3NWl1LZwE4gZwZ455jiRmW5StsJ3Q/Od/GGsN0FI8gHAXQ=="
    }
  }
}
